// !$*UTF8*$!
{
	archiveVersion = 1;
	classes = {
	};
	objectVersion = 48;
	objects = {

/* Begin PBXBuildFile section */
		EE0715922051DFC600A1C7C9 /* InstructionsScene.sks in Resources */ = {isa = PBXBuildFile; fileRef = EE0715912051DFC600A1C7C9 /* InstructionsScene.sks */; };
		EE0715942051E1EC00A1C7C9 /* InstructionsScene.swift in Sources */ = {isa = PBXBuildFile; fileRef = EE0715932051E1EC00A1C7C9 /* InstructionsScene.swift */; };
		EE1E028C205240B900152EF0 /* AppIcon.appiconset in Resources */ = {isa = PBXBuildFile; fileRef = EE1E028B205240B800152EF0 /* AppIcon.appiconset */; };
		EE26AE82204E1B57006AC9AB /* AppDelegate.swift in Sources */ = {isa = PBXBuildFile; fileRef = EE26AE81204E1B57006AC9AB /* AppDelegate.swift */; };
		EE26AE84204E1B57006AC9AB /* MenuScene.sks in Resources */ = {isa = PBXBuildFile; fileRef = EE26AE83204E1B57006AC9AB /* MenuScene.sks */; };
		EE26AE86204E1B57006AC9AB /* Actions.sks in Resources */ = {isa = PBXBuildFile; fileRef = EE26AE85204E1B57006AC9AB /* Actions.sks */; };
		EE26AE88204E1B57006AC9AB /* MenuScene.swift in Sources */ = {isa = PBXBuildFile; fileRef = EE26AE87204E1B57006AC9AB /* MenuScene.swift */; };
		EE26AE8A204E1B57006AC9AB /* GameViewController.swift in Sources */ = {isa = PBXBuildFile; fileRef = EE26AE89204E1B57006AC9AB /* GameViewController.swift */; };
		EE26AE8D204E1B57006AC9AB /* Main.storyboard in Resources */ = {isa = PBXBuildFile; fileRef = EE26AE8B204E1B57006AC9AB /* Main.storyboard */; };
		EE26AE8F204E1B57006AC9AB /* Assets.xcassets in Resources */ = {isa = PBXBuildFile; fileRef = EE26AE8E204E1B57006AC9AB /* Assets.xcassets */; };
		EE26AE92204E1B57006AC9AB /* LaunchScreen.storyboard in Resources */ = {isa = PBXBuildFile; fileRef = EE26AE90204E1B57006AC9AB /* LaunchScreen.storyboard */; };
		EE73F16120520A8300A238B8 /* InstructionButton.png in Resources */ = {isa = PBXBuildFile; fileRef = EE73F14C20520A8000A238B8 /* InstructionButton.png */; };
		EE73F16220520A8300A238B8 /* defender2.png in Resources */ = {isa = PBXBuildFile; fileRef = EE73F14D20520A8000A238B8 /* defender2.png */; };
		EE73F16320520A8300A238B8 /* bullet-unit.png in Resources */ = {isa = PBXBuildFile; fileRef = EE73F14E20520A8000A238B8 /* bullet-unit.png */; };
		EE73F16420520A8300A238B8 /* PlayButton.png in Resources */ = {isa = PBXBuildFile; fileRef = EE73F14F20520A8000A238B8 /* PlayButton.png */; };
		EE73F16520520A8300A238B8 /* right-arrow-unit.png in Resources */ = {isa = PBXBuildFile; fileRef = EE73F15020520A8000A238B8 /* right-arrow-unit.png */; };
		EE73F16620520A8300A238B8 /* space-invader-small.png in Resources */ = {isa = PBXBuildFile; fileRef = EE73F15120520A8000A238B8 /* space-invader-small.png */; };
		EE73F16720520A8300A238B8 /* left-arrow-unit.png in Resources */ = {isa = PBXBuildFile; fileRef = EE73F15220520A8000A238B8 /* left-arrow-unit.png */; };
		EE73F16820520A8300A238B8 /* explosion-small.png in Resources */ = {isa = PBXBuildFile; fileRef = EE73F15320520A8100A238B8 /* explosion-small.png */; };
		EE73F16920520A8300A238B8 /* goBack.png in Resources */ = {isa = PBXBuildFile; fileRef = EE73F15420520A8100A238B8 /* goBack.png */; };
		EE73F16A20520A8300A238B8 /* StopMusic.png in Resources */ = {isa = PBXBuildFile; fileRef = EE73F15520520A8100A238B8 /* StopMusic.png */; };
		EE73F16B20520A8300A238B8 /* PlayMusic.png in Resources */ = {isa = PBXBuildFile; fileRef = EE73F15620520A8100A238B8 /* PlayMusic.png */; };
		EE73F16C20520A8300A238B8 /* shelter2.png in Resources */ = {isa = PBXBuildFile; fileRef = EE73F15720520A8100A238B8 /* shelter2.png */; };
		EE73F16D20520A8300A238B8 /* Sounds in Resources */ = {isa = PBXBuildFile; fileRef = EE73F15820520A8200A238B8 /* Sounds */; };
		EE73F16E20520A8300A238B8 /* bullet.png in Resources */ = {isa = PBXBuildFile; fileRef = EE73F15920520A8200A238B8 /* bullet.png */; };
		EE73F16F20520A8300A238B8 /* bullet-small.png in Resources */ = {isa = PBXBuildFile; fileRef = EE73F15A20520A8200A238B8 /* bullet-small.png */; };
		EE73F17020520A8300A238B8 /* right-arrow.png in Resources */ = {isa = PBXBuildFile; fileRef = EE73F15B20520A8200A238B8 /* right-arrow.png */; };
		EE73F17120520A8300A238B8 /* left-arrow.png in Resources */ = {isa = PBXBuildFile; fileRef = EE73F15C20520A8200A238B8 /* left-arrow.png */; };
		EE73F17220520A8300A238B8 /* rock.png in Resources */ = {isa = PBXBuildFile; fileRef = EE73F15D20520A8300A238B8 /* rock.png */; };
		EE73F17320520A8300A238B8 /* defenderBullet2.png in Resources */ = {isa = PBXBuildFile; fileRef = EE73F15E20520A8300A238B8 /* defenderBullet2.png */; };
		EE73F17420520A8300A238B8 /* scream.png in Resources */ = {isa = PBXBuildFile; fileRef = EE73F15F20520A8300A238B8 /* scream.png */; };
		EE73F17520520A8300A238B8 /* Spaceship.png in Resources */ = {isa = PBXBuildFile; fileRef = EE73F16020520A8300A238B8 /* Spaceship.png */; };
		EED1320D2051F34300FA38B1 /* Level1Scene.sks in Resources */ = {isa = PBXBuildFile; fileRef = EED1320C2051F34300FA38B1 /* Level1Scene.sks */; };
		EED1320F2051F3B200FA38B1 /* Level1Scene.swift in Sources */ = {isa = PBXBuildFile; fileRef = EED1320E2051F3B200FA38B1 /* Level1Scene.swift */; };
		EEEFF19420522C3E0010848F /* PhysicsCategory.swift in Sources */ = {isa = PBXBuildFile; fileRef = EEEFF19320522C3E0010848F /* PhysicsCategory.swift */; };
		EEEFF196205234F70010848F /* WinScene.sks in Resources */ = {isa = PBXBuildFile; fileRef = EEEFF195205234F70010848F /* WinScene.sks */; };
		EEEFF1982052350C0010848F /* LoseScene.sks in Resources */ = {isa = PBXBuildFile; fileRef = EEEFF1972052350C0010848F /* LoseScene.sks */; };
/* End PBXBuildFile section */

/* Begin PBXFileReference section */
		EE0715912051DFC600A1C7C9 /* InstructionsScene.sks */ = {isa = PBXFileReference; lastKnownFileType = file.sks; path = InstructionsScene.sks; sourceTree = "<group>"; };
		EE0715932051E1EC00A1C7C9 /* InstructionsScene.swift */ = {isa = PBXFileReference; lastKnownFileType = sourcecode.swift; path = InstructionsScene.swift; sourceTree = "<group>"; };
		EE1E028B205240B800152EF0 /* AppIcon.appiconset */ = {isa = PBXFileReference; lastKnownFileType = folder; path = AppIcon.appiconset; sourceTree = "<group>"; };
		EE26AE7E204E1B57006AC9AB /* shan3960_a5.app */ = {isa = PBXFileReference; explicitFileType = wrapper.application; includeInIndex = 0; path = shan3960_a5.app; sourceTree = BUILT_PRODUCTS_DIR; };
		EE26AE81204E1B57006AC9AB /* AppDelegate.swift */ = {isa = PBXFileReference; lastKnownFileType = sourcecode.swift; path = AppDelegate.swift; sourceTree = "<group>"; };
		EE26AE83204E1B57006AC9AB /* MenuScene.sks */ = {isa = PBXFileReference; lastKnownFileType = file.sks; path = MenuScene.sks; sourceTree = "<group>"; };
		EE26AE85204E1B57006AC9AB /* Actions.sks */ = {isa = PBXFileReference; lastKnownFileType = file.sks; path = Actions.sks; sourceTree = "<group>"; };
		EE26AE87204E1B57006AC9AB /* MenuScene.swift */ = {isa = PBXFileReference; lastKnownFileType = sourcecode.swift; path = MenuScene.swift; sourceTree = "<group>"; };
		EE26AE89204E1B57006AC9AB /* GameViewController.swift */ = {isa = PBXFileReference; lastKnownFileType = sourcecode.swift; path = GameViewController.swift; sourceTree = "<group>"; };
		EE26AE8C204E1B57006AC9AB /* Base */ = {isa = PBXFileReference; lastKnownFileType = file.storyboard; name = Base; path = Base.lproj/Main.storyboard; sourceTree = "<group>"; };
		EE26AE8E204E1B57006AC9AB /* Assets.xcassets */ = {isa = PBXFileReference; lastKnownFileType = folder.assetcatalog; path = Assets.xcassets; sourceTree = "<group>"; };
		EE26AE91204E1B57006AC9AB /* Base */ = {isa = PBXFileReference; lastKnownFileType = file.storyboard; name = Base; path = Base.lproj/LaunchScreen.storyboard; sourceTree = "<group>"; };
		EE26AE93204E1B57006AC9AB /* Info.plist */ = {isa = PBXFileReference; lastKnownFileType = text.plist.xml; path = Info.plist; sourceTree = "<group>"; };
		EE73F14C20520A8000A238B8 /* InstructionButton.png */ = {isa = PBXFileReference; lastKnownFileType = image.png; path = InstructionButton.png; sourceTree = "<group>"; };
		EE73F14D20520A8000A238B8 /* defender2.png */ = {isa = PBXFileReference; lastKnownFileType = image.png; path = defender2.png; sourceTree = "<group>"; };
		EE73F14E20520A8000A238B8 /* bullet-unit.png */ = {isa = PBXFileReference; lastKnownFileType = image.png; path = "bullet-unit.png"; sourceTree = "<group>"; };
		EE73F14F20520A8000A238B8 /* PlayButton.png */ = {isa = PBXFileReference; lastKnownFileType = image.png; path = PlayButton.png; sourceTree = "<group>"; };
		EE73F15020520A8000A238B8 /* right-arrow-unit.png */ = {isa = PBXFileReference; lastKnownFileType = image.png; path = "right-arrow-unit.png"; sourceTree = "<group>"; };
		EE73F15120520A8000A238B8 /* space-invader-small.png */ = {isa = PBXFileReference; lastKnownFileType = image.png; path = "space-invader-small.png"; sourceTree = "<group>"; };
		EE73F15220520A8000A238B8 /* left-arrow-unit.png */ = {isa = PBXFileReference; lastKnownFileType = image.png; path = "left-arrow-unit.png"; sourceTree = "<group>"; };
		EE73F15320520A8100A238B8 /* explosion-small.png */ = {isa = PBXFileReference; lastKnownFileType = image.png; path = "explosion-small.png"; sourceTree = "<group>"; };
		EE73F15420520A8100A238B8 /* goBack.png */ = {isa = PBXFileReference; lastKnownFileType = image.png; path = goBack.png; sourceTree = "<group>"; };
		EE73F15520520A8100A238B8 /* StopMusic.png */ = {isa = PBXFileReference; lastKnownFileType = image.png; path = StopMusic.png; sourceTree = "<group>"; };
		EE73F15620520A8100A238B8 /* PlayMusic.png */ = {isa = PBXFileReference; lastKnownFileType = image.png; path = PlayMusic.png; sourceTree = "<group>"; };
		EE73F15720520A8100A238B8 /* shelter2.png */ = {isa = PBXFileReference; lastKnownFileType = image.png; path = shelter2.png; sourceTree = "<group>"; };
		EE73F15820520A8200A238B8 /* Sounds */ = {isa = PBXFileReference; lastKnownFileType = folder; path = Sounds; sourceTree = "<group>"; };
		EE73F15920520A8200A238B8 /* bullet.png */ = {isa = PBXFileReference; lastKnownFileType = image.png; path = bullet.png; sourceTree = "<group>"; };
		EE73F15A20520A8200A238B8 /* bullet-small.png */ = {isa = PBXFileReference; lastKnownFileType = image.png; path = "bullet-small.png"; sourceTree = "<group>"; };
		EE73F15B20520A8200A238B8 /* right-arrow.png */ = {isa = PBXFileReference; lastKnownFileType = image.png; path = "right-arrow.png"; sourceTree = "<group>"; };
		EE73F15C20520A8200A238B8 /* left-arrow.png */ = {isa = PBXFileReference; lastKnownFileType = image.png; path = "left-arrow.png"; sourceTree = "<group>"; };
		EE73F15D20520A8300A238B8 /* rock.png */ = {isa = PBXFileReference; lastKnownFileType = image.png; path = rock.png; sourceTree = "<group>"; };
		EE73F15E20520A8300A238B8 /* defenderBullet2.png */ = {isa = PBXFileReference; lastKnownFileType = image.png; path = defenderBullet2.png; sourceTree = "<group>"; };
		EE73F15F20520A8300A238B8 /* scream.png */ = {isa = PBXFileReference; lastKnownFileType = image.png; path = scream.png; sourceTree = "<group>"; };
		EE73F16020520A8300A238B8 /* Spaceship.png */ = {isa = PBXFileReference; lastKnownFileType = image.png; path = Spaceship.png; sourceTree = "<group>"; };
		EED1320C2051F34300FA38B1 /* Level1Scene.sks */ = {isa = PBXFileReference; lastKnownFileType = file.sks; path = Level1Scene.sks; sourceTree = "<group>"; };
		EED1320E2051F3B200FA38B1 /* Level1Scene.swift */ = {isa = PBXFileReference; lastKnownFileType = sourcecode.swift; path = Level1Scene.swift; sourceTree = "<group>"; };
		EEEFF19320522C3E0010848F /* PhysicsCategory.swift */ = {isa = PBXFileReference; lastKnownFileType = sourcecode.swift; path = PhysicsCategory.swift; sourceTree = "<group>"; };
		EEEFF195205234F70010848F /* WinScene.sks */ = {isa = PBXFileReference; lastKnownFileType = file.sks; path = WinScene.sks; sourceTree = "<group>"; };
		EEEFF1972052350C0010848F /* LoseScene.sks */ = {isa = PBXFileReference; lastKnownFileType = file.sks; path = LoseScene.sks; sourceTree = "<group>"; };
/* End PBXFileReference section */

/* Begin PBXFrameworksBuildPhase section */
		EE26AE7B204E1B57006AC9AB /* Frameworks */ = {
			isa = PBXFrameworksBuildPhase;
			buildActionMask = 2147483647;
			files = (
			);
			runOnlyForDeploymentPostprocessing = 0;
		};
/* End PBXFrameworksBuildPhase section */

/* Begin PBXGroup section */
		EE26AE75204E1B57006AC9AB = {
			isa = PBXGroup;
			children = (
				EE26AE80204E1B57006AC9AB /* shan3960_a5 */,
				EE26AE7F204E1B57006AC9AB /* Products */,
			);
			sourceTree = "<group>";
		};
		EE26AE7F204E1B57006AC9AB /* Products */ = {
			isa = PBXGroup;
			children = (
				EE26AE7E204E1B57006AC9AB /* shan3960_a5.app */,
			);
			name = Products;
			sourceTree = "<group>";
		};
		EE26AE80204E1B57006AC9AB /* shan3960_a5 */ = {
			isa = PBXGroup;
			children = (
				EE26AE81204E1B57006AC9AB /* AppDelegate.swift */,
				EE26AE83204E1B57006AC9AB /* MenuScene.sks */,
				EE26AE85204E1B57006AC9AB /* Actions.sks */,
				EE26AE87204E1B57006AC9AB /* MenuScene.swift */,
				EE26AE89204E1B57006AC9AB /* GameViewController.swift */,
				EE26AE8B204E1B57006AC9AB /* Main.storyboard */,
				EE26AE8E204E1B57006AC9AB /* Assets.xcassets */,
				EE1E028B205240B800152EF0 /* AppIcon.appiconset */,
				EE73F15A20520A8200A238B8 /* bullet-small.png */,
				EE73F14E20520A8000A238B8 /* bullet-unit.png */,
				EE73F15920520A8200A238B8 /* bullet.png */,
				EE73F14D20520A8000A238B8 /* defender2.png */,
				EE73F15E20520A8300A238B8 /* defenderBullet2.png */,
				EE73F15320520A8100A238B8 /* explosion-small.png */,
				EE73F15420520A8100A238B8 /* goBack.png */,
				EE73F14C20520A8000A238B8 /* InstructionButton.png */,
				EE73F15220520A8000A238B8 /* left-arrow-unit.png */,
				EE73F15C20520A8200A238B8 /* left-arrow.png */,
				EE73F14F20520A8000A238B8 /* PlayButton.png */,
				EE73F15620520A8100A238B8 /* PlayMusic.png */,
				EE73F15020520A8000A238B8 /* right-arrow-unit.png */,
				EE73F15B20520A8200A238B8 /* right-arrow.png */,
				EE73F15D20520A8300A238B8 /* rock.png */,
				EE73F15F20520A8300A238B8 /* scream.png */,
				EE73F15720520A8100A238B8 /* shelter2.png */,
				EE73F15820520A8200A238B8 /* Sounds */,
				EE73F15120520A8000A238B8 /* space-invader-small.png */,
				EE73F16020520A8300A238B8 /* Spaceship.png */,
				EE73F15520520A8100A238B8 /* StopMusic.png */,
				EE26AE90204E1B57006AC9AB /* LaunchScreen.storyboard */,
				EE26AE93204E1B57006AC9AB /* Info.plist */,
				EE0715912051DFC600A1C7C9 /* InstructionsScene.sks */,
				EE0715932051E1EC00A1C7C9 /* InstructionsScene.swift */,
				EED1320C2051F34300FA38B1 /* Level1Scene.sks */,
				EED1320E2051F3B200FA38B1 /* Level1Scene.swift */,
				EEEFF19320522C3E0010848F /* PhysicsCategory.swift */,
				EEEFF195205234F70010848F /* WinScene.sks */,
				EEEFF1972052350C0010848F /* LoseScene.sks */,
			);
			path = shan3960_a5;
			sourceTree = "<group>";
		};
/* End PBXGroup section */

/* Begin PBXNativeTarget section */
		EE26AE7D204E1B57006AC9AB /* shan3960_a5 */ = {
			isa = PBXNativeTarget;
			buildConfigurationList = EE26AE96204E1B57006AC9AB /* Build configuration list for PBXNativeTarget "shan3960_a5" */;
			buildPhases = (
				EE26AE7A204E1B57006AC9AB /* Sources */,
				EE26AE7B204E1B57006AC9AB /* Frameworks */,
				EE26AE7C204E1B57006AC9AB /* Resources */,
			);
			buildRules = (
			);
			dependencies = (
			);
			name = shan3960_a5;
			productName = shan3960_a5;
			productReference = EE26AE7E204E1B57006AC9AB /* shan3960_a5.app */;
			productType = "com.apple.product-type.application";
		};
/* End PBXNativeTarget section */

/* Begin PBXProject section */
		EE26AE76204E1B57006AC9AB /* Project object */ = {
			isa = PBXProject;
			attributes = {
				LastSwiftUpdateCheck = 0920;
				LastUpgradeCheck = 0920;
				ORGANIZATIONNAME = wlu;
				TargetAttributes = {
					EE26AE7D204E1B57006AC9AB = {
						CreatedOnToolsVersion = 9.2;
						ProvisioningStyle = Automatic;
					};
				};
			};
			buildConfigurationList = EE26AE79204E1B57006AC9AB /* Build configuration list for PBXProject "shan3960_a5" */;
			compatibilityVersion = "Xcode 8.0";
			developmentRegion = en;
			hasScannedForEncodings = 0;
			knownRegions = (
				en,
				Base,
			);
			mainGroup = EE26AE75204E1B57006AC9AB;
			productRefGroup = EE26AE7F204E1B57006AC9AB /* Products */;
			projectDirPath = "";
			projectRoot = "";
			targets = (
				EE26AE7D204E1B57006AC9AB /* shan3960_a5 */,
			);
		};
/* End PBXProject section */

/* Begin PBXResourcesBuildPhase section */
		EE26AE7C204E1B57006AC9AB /* Resources */ = {
			isa = PBXResourcesBuildPhase;
			buildActionMask = 2147483647;
			files = (
				EE73F17520520A8300A238B8 /* Spaceship.png in Resources */,
				EE73F16A20520A8300A238B8 /* StopMusic.png in Resources */,
				EE73F17220520A8300A238B8 /* rock.png in Resources */,
				EE73F17020520A8300A238B8 /* right-arrow.png in Resources */,
				EE73F16E20520A8300A238B8 /* bullet.png in Resources */,
				EE26AE8D204E1B57006AC9AB /* Main.storyboard in Resources */,
				EE26AE84204E1B57006AC9AB /* MenuScene.sks in Resources */,
				EEEFF1982052350C0010848F /* LoseScene.sks in Resources */,
				EE26AE8F204E1B57006AC9AB /* Assets.xcassets in Resources */,
				EE73F16820520A8300A238B8 /* explosion-small.png in Resources */,
				EE73F16920520A8300A238B8 /* goBack.png in Resources */,
				EE73F17320520A8300A238B8 /* defenderBullet2.png in Resources */,
				EEEFF196205234F70010848F /* WinScene.sks in Resources */,
				EE73F16220520A8300A238B8 /* defender2.png in Resources */,
				EE73F16420520A8300A238B8 /* PlayButton.png in Resources */,
				EE26AE92204E1B57006AC9AB /* LaunchScreen.storyboard in Resources */,
				EE73F17420520A8300A238B8 /* scream.png in Resources */,
				EE73F16720520A8300A238B8 /* left-arrow-unit.png in Resources */,
				EE1E028C205240B900152EF0 /* AppIcon.appiconset in Resources */,
				EE73F16D20520A8300A238B8 /* Sounds in Resources */,
				EE73F16520520A8300A238B8 /* right-arrow-unit.png in Resources */,
				EE73F16C20520A8300A238B8 /* shelter2.png in Resources */,
				EE73F16B20520A8300A238B8 /* PlayMusic.png in Resources */,
				EE0715922051DFC600A1C7C9 /* InstructionsScene.sks in Resources */,
				EE26AE86204E1B57006AC9AB /* Actions.sks in Resources */,
				EE73F16620520A8300A238B8 /* space-invader-small.png in Resources */,
				EE73F16120520A8300A238B8 /* InstructionButton.png in Resources */,
				EE73F17120520A8300A238B8 /* left-arrow.png in Resources */,
				EE73F16F20520A8300A238B8 /* bullet-small.png in Resources */,
				EED1320D2051F34300FA38B1 /* Level1Scene.sks in Resources */,
				EE73F16320520A8300A238B8 /* bullet-unit.png in Resources */,
			);
			runOnlyForDeploymentPostprocessing = 0;
		};
/* End PBXResourcesBuildPhase section */

/* Begin PBXSourcesBuildPhase section */
		EE26AE7A204E1B57006AC9AB /* Sources */ = {
			isa = PBXSourcesBuildPhase;
			buildActionMask = 2147483647;
			files = (
				EED1320F2051F3B200FA38B1 /* Level1Scene.swift in Sources */,
				EE26AE88204E1B57006AC9AB /* MenuScene.swift in Sources */,
				EE0715942051E1EC00A1C7C9 /* InstructionsScene.swift in Sources */,
				EEEFF19420522C3E0010848F /* PhysicsCategory.swift in Sources */,
				EE26AE8A204E1B57006AC9AB /* GameViewController.swift in Sources */,
				EE26AE82204E1B57006AC9AB /* AppDelegate.swift in Sources */,
			);
			runOnlyForDeploymentPostprocessing = 0;
		};
/* End PBXSourcesBuildPhase section */

/* Begin PBXVariantGroup section */
		EE26AE8B204E1B57006AC9AB /* Main.storyboard */ = {
			isa = PBXVariantGroup;
			children = (
				EE26AE8C204E1B57006AC9AB /* Base */,
			);
			name = Main.storyboard;
			sourceTree = "<group>";
		};
		EE26AE90204E1B57006AC9AB /* LaunchScreen.storyboard */ = {
			isa = PBXVariantGroup;
			children = (
				EE26AE91204E1B57006AC9AB /* Base */,
			);
			name = LaunchScreen.storyboard;
			sourceTree = "<group>";
		};
/* End PBXVariantGroup section */

/* Begin XCBuildConfiguration section */
		EE26AE94204E1B57006AC9AB /* Debug */ = {
			isa = XCBuildConfiguration;
			buildSettings = {
				ALWAYS_SEARCH_USER_PATHS = NO;
				CLANG_ANALYZER_NONNULL = YES;
				CLANG_ANALYZER_NUMBER_OBJECT_CONVERSION = YES_AGGRESSIVE;
				CLANG_CXX_LANGUAGE_STANDARD = "gnu++14";
				CLANG_CXX_LIBRARY = "libc++";
				CLANG_ENABLE_MODULES = YES;
				CLANG_ENABLE_OBJC_ARC = YES;
				CLANG_WARN_BLOCK_CAPTURE_AUTORELEASING = YES;
				CLANG_WARN_BOOL_CONVERSION = YES;
				CLANG_WARN_COMMA = YES;
				CLANG_WARN_CONSTANT_CONVERSION = YES;
				CLANG_WARN_DIRECT_OBJC_ISA_USAGE = YES_ERROR;
				CLANG_WARN_DOCUMENTATION_COMMENTS = YES;
				CLANG_WARN_EMPTY_BODY = YES;
				CLANG_WARN_ENUM_CONVERSION = YES;
				CLANG_WARN_INFINITE_RECURSION = YES;
				CLANG_WARN_INT_CONVERSION = YES;
				CLANG_WARN_NON_LITERAL_NULL_CONVERSION = YES;
				CLANG_WARN_OBJC_LITERAL_CONVERSION = YES;
				CLANG_WARN_OBJC_ROOT_CLASS = YES_ERROR;
				CLANG_WARN_RANGE_LOOP_ANALYSIS = YES;
				CLANG_WARN_STRICT_PROTOTYPES = YES;
				CLANG_WARN_SUSPICIOUS_MOVE = YES;
				CLANG_WARN_UNGUARDED_AVAILABILITY = YES_AGGRESSIVE;
				CLANG_WARN_UNREACHABLE_CODE = YES;
				CLANG_WARN__DUPLICATE_METHOD_MATCH = YES;
				CODE_SIGN_IDENTITY = "iPhone Developer";
				COPY_PHASE_STRIP = NO;
				DEBUG_INFORMATION_FORMAT = dwarf;
				ENABLE_STRICT_OBJC_MSGSEND = YES;
				ENABLE_TESTABILITY = YES;
				GCC_C_LANGUAGE_STANDARD = gnu11;
				GCC_DYNAMIC_NO_PIC = NO;
				GCC_NO_COMMON_BLOCKS = YES;
				GCC_OPTIMIZATION_LEVEL = 0;
				GCC_PREPROCESSOR_DEFINITIONS = (
					"DEBUG=1",
					"$(inherited)",
				);
				GCC_WARN_64_TO_32_BIT_CONVERSION = YES;
				GCC_WARN_ABOUT_RETURN_TYPE = YES_ERROR;
				GCC_WARN_UNDECLARED_SELECTOR = YES;
				GCC_WARN_UNINITIALIZED_AUTOS = YES_AGGRESSIVE;
				GCC_WARN_UNUSED_FUNCTION = YES;
				GCC_WARN_UNUSED_VARIABLE = YES;
				IPHONEOS_DEPLOYMENT_TARGET = 11.2;
				MTL_ENABLE_DEBUG_INFO = YES;
				ONLY_ACTIVE_ARCH = YES;
				SDKROOT = iphoneos;
				SWIFT_ACTIVE_COMPILATION_CONDITIONS = DEBUG;
				SWIFT_OPTIMIZATION_LEVEL = "-Onone";
			};
			name = Debug;
		};
		EE26AE95204E1B57006AC9AB /* Release */ = {
			isa = XCBuildConfiguration;
			buildSettings = {
				ALWAYS_SEARCH_USER_PATHS = NO;
				CLANG_ANALYZER_NONNULL = YES;
				CLANG_ANALYZER_NUMBER_OBJECT_CONVERSION = YES_AGGRESSIVE;
				CLANG_CXX_LANGUAGE_STANDARD = "gnu++14";
				CLANG_CXX_LIBRARY = "libc++";
				CLANG_ENABLE_MODULES = YES;
				CLANG_ENABLE_OBJC_ARC = YES;
				CLANG_WARN_BLOCK_CAPTURE_AUTORELEASING = YES;
				CLANG_WARN_BOOL_CONVERSION = YES;
				CLANG_WARN_COMMA = YES;
				CLANG_WARN_CONSTANT_CONVERSION = YES;
				CLANG_WARN_DIRECT_OBJC_ISA_USAGE = YES_ERROR;
				CLANG_WARN_DOCUMENTATION_COMMENTS = YES;
				CLANG_WARN_EMPTY_BODY = YES;
				CLANG_WARN_ENUM_CONVERSION = YES;
				CLANG_WARN_INFINITE_RECURSION = YES;
				CLANG_WARN_INT_CONVERSION = YES;
				CLANG_WARN_NON_LITERAL_NULL_CONVERSION = YES;
				CLANG_WARN_OBJC_LITERAL_CONVERSION = YES;
				CLANG_WARN_OBJC_ROOT_CLASS = YES_ERROR;
				CLANG_WARN_RANGE_LOOP_ANALYSIS = YES;
				CLANG_WARN_STRICT_PROTOTYPES = YES;
				CLANG_WARN_SUSPICIOUS_MOVE = YES;
				CLANG_WARN_UNGUARDED_AVAILABILITY = YES_AGGRESSIVE;
				CLANG_WARN_UNREACHABLE_CODE = YES;
				CLANG_WARN__DUPLICATE_METHOD_MATCH = YES;
				CODE_SIGN_IDENTITY = "iPhone Developer";
				COPY_PHASE_STRIP = NO;
				DEBUG_INFORMATION_FORMAT = "dwarf-with-dsym";
				ENABLE_NS_ASSERTIONS = NO;
				ENABLE_STRICT_OBJC_MSGSEND = YES;
				GCC_C_LANGUAGE_STANDARD = gnu11;
				GCC_NO_COMMON_BLOCKS = YES;
				GCC_WARN_64_TO_32_BIT_CONVERSION = YES;
				GCC_WARN_ABOUT_RETURN_TYPE = YES_ERROR;
				GCC_WARN_UNDECLARED_SELECTOR = YES;
				GCC_WARN_UNINITIALIZED_AUTOS = YES_AGGRESSIVE;
				GCC_WARN_UNUSED_FUNCTION = YES;
				GCC_WARN_UNUSED_VARIABLE = YES;
				IPHONEOS_DEPLOYMENT_TARGET = 11.2;
				MTL_ENABLE_DEBUG_INFO = NO;
				SDKROOT = iphoneos;
				SWIFT_OPTIMIZATION_LEVEL = "-Owholemodule";
				VALIDATE_PRODUCT = YES;
			};
			name = Release;
		};
		EE26AE97204E1B57006AC9AB /* Debug */ = {
			isa = XCBuildConfiguration;
			buildSettings = {
				ASSETCATALOG_COMPILER_APPICON_NAME = AppIcon;
				CODE_SIGN_STYLE = Automatic;
				INFOPLIST_FILE = shan3960_a5/Info.plist;
				LD_RUNPATH_SEARCH_PATHS = "$(inherited) @executable_path/Frameworks";
				PRODUCT_BUNDLE_IDENTIFIER = "ca.wlu.rshanks.shan3960-a5";
				PRODUCT_NAME = "$(TARGET_NAME)";
				SWIFT_VERSION = 4.0;
				TARGETED_DEVICE_FAMILY = "1,2";
			};
			name = Debug;
		};
		EE26AE98204E1B57006AC9AB /* Release */ = {
			isa = XCBuildConfiguration;
			buildSettings = {
				ASSETCATALOG_COMPILER_APPICON_NAME = AppIcon;
				CODE_SIGN_STYLE = Automatic;
				INFOPLIST_FILE = shan3960_a5/Info.plist;
				LD_RUNPATH_SEARCH_PATHS = "$(inherited) @executable_path/Frameworks";
				PRODUCT_BUNDLE_IDENTIFIER = "ca.wlu.rshanks.shan3960-a5";
				PRODUCT_NAME = "$(TARGET_NAME)";
				SWIFT_VERSION = 4.0;
				TARGETED_DEVICE_FAMILY = "1,2";
			};
			name = Release;
		};
/* End XCBuildConfiguration section */

/* Begin XCConfigurationList section */
		EE26AE79204E1B57006AC9AB /* Build configuration list for PBXProject "shan3960_a5" */ = {
			isa = XCConfigurationList;
			buildConfigurations = (
				EE26AE94204E1B57006AC9AB /* Debug */,
				EE26AE95204E1B57006AC9AB /* Release */,
			);
			defaultConfigurationIsVisible = 0;
			defaultConfigurationName = Release;
		};
		EE26AE96204E1B57006AC9AB /* Build configuration list for PBXNativeTarget "shan3960_a5" */ = {
			isa = XCConfigurationList;
			buildConfigurations = (
				EE26AE97204E1B57006AC9AB /* Debug */,
				EE26AE98204E1B57006AC9AB /* Release */,
			);
			defaultConfigurationIsVisible = 0;
			defaultConfigurationName = Release;
		};
/* End XCConfigurationList section */
	};
	rootObject = EE26AE76204E1B57006AC9AB /* Project object */;
}
